
Microsoft Visual Studio Solution File, Format Version 12.00
# Visual Studio 2012
Project("{FAE04EC0-301F-11D3-BF4B-00C04F79EFBC}") = "AssemblyToReference", "AssemblyToReference\AssemblyToReference.csproj", "{AE83D1FD-7790-42B2-9D13-42B2E8F7EF78}"
EndProject
Project("{FAE04EC0-301F-11D3-BF4B-00C04F79EFBC}") = "AssemblyToProcess", "AssemblyToProcess\AssemblyToProcess.csproj", "{BD988ECD-733C-4FB8-AD02-830DE4D111F2}"
EndProject
Project("{FAE04EC0-301F-11D3-BF4B-00C04F79EFBC}") = "Tests", "Tests\Tests.csproj", "{858440B1-667F-43D3-BE0E-7D3FEB0E1000}"
EndProject
Project("{FAE04EC0-301F-11D3-BF4B-00C04F79EFBC}") = "Nuget", "NuGet\Nuget.csproj", "{63786CE5-D899-43DF-AD4E-C2CA3BAC3FC2}"
	ProjectSection(ProjectDependencies) = postProject
		{DC74982B-65AC-448B-88D3-CFD5585ED852} = {DC74982B-65AC-448B-88D3-CFD5585ED852}
		{FAA4DB48-328C-4DE0-8A03-CD923071C212} = {FAA4DB48-328C-4DE0-8A03-CD923071C212}
		{969C9F58-22BB-4C71-9F51-E79A749E9652} = {969C9F58-22BB-4C71-9F51-E79A749E9652}
		{AE4B1899-3BE8-4444-B37C-D236165CB816} = {AE4B1899-3BE8-4444-B37C-D236165CB816}
		{B12D58AE-7647-484A-81D9-B709FD94747A} = {B12D58AE-7647-484A-81D9-B709FD94747A}
		{858440B1-667F-43D3-BE0E-7D3FEB0E1000} = {858440B1-667F-43D3-BE0E-7D3FEB0E1000}
		{0D78E3C8-4180-40BE-B3DD-F626FF900FCE} = {0D78E3C8-4180-40BE-B3DD-F626FF900FCE}
		{BD988ECD-733C-4FB8-AD02-830DE4D111F2} = {BD988ECD-733C-4FB8-AD02-830DE4D111F2}
	EndProjectSection
EndProject
Project("{2150E333-8FDC-42A3-9474-1A3956D46DE8}") = "Common", "Common", "{D84F1B00-D6ED-4D69-88AD-3F456BC5A3AC}"
EndProject
Project("{FAE04EC0-301F-11D3-BF4B-00C04F79EFBC}") = "FodySpring", "FodySpring\FodySpring.csproj", "{AE4B1899-3BE8-4444-B37C-D236165CB816}"
EndProject
Project("{FAE04EC0-301F-11D3-BF4B-00C04F79EFBC}") = "FodySpring.Tests", "FodySpring.Tests\FodySpring.Tests.csproj", "{0D78E3C8-4180-40BE-B3DD-F626FF900FCE}"
EndProject
Project("{2150E333-8FDC-42A3-9474-1A3956D46DE8}") = "Spring", "Spring", "{39592F95-3169-4F5B-895A-8A6D16096550}"
EndProject
Project("{FAE04EC0-301F-11D3-BF4B-00C04F79EFBC}") = "FodyAutofac", "FodyAutofac\FodyAutofac.csproj", "{FAA4DB48-328C-4DE0-8A03-CD923071C212}"
EndProject
Project("{FAE04EC0-301F-11D3-BF4B-00C04F79EFBC}") = "FodyAutofac.Tests", "FodyAutofac.Tests\FodyAutofac.Tests.csproj", "{969C9F58-22BB-4C71-9F51-E79A749E9652}"
EndProject
Project("{2150E333-8FDC-42A3-9474-1A3956D46DE8}") = "Autofac", "Autofac", "{DAD3E7F6-4FF9-460F-92FD-33724C0171D7}"
EndProject
Project("{FAE04EC0-301F-11D3-BF4B-00C04F79EFBC}") = "FodyNinject", "FodyNinject\FodyNinject.csproj", "{B12D58AE-7647-484A-81D9-B709FD94747A}"
EndProject
Project("{FAE04EC0-301F-11D3-BF4B-00C04F79EFBC}") = "FodyNinject.Tests", "FodyNinject.Tests\FodyNinject.Tests.csproj", "{DC74982B-65AC-448B-88D3-CFD5585ED852}"
EndProject
Project("{2150E333-8FDC-42A3-9474-1A3956D46DE8}") = "Ninject", "Ninject", "{03E4FDDB-C802-447D-9255-27DF9C1388A2}"
EndProject
Project("{FAE04EC0-301F-11D3-BF4B-00C04F79EFBC}") = "WeaverUtils", "WeaverUtils\WeaverUtils.csproj", "{6A987A46-2A42-4D2E-BBF6-540FCC997635}"
EndProject
Global
	GlobalSection(SolutionConfigurationPlatforms) = preSolution
		Debug|Any CPU = Debug|Any CPU
		Release|Any CPU = Release|Any CPU
	EndGlobalSection
	GlobalSection(ProjectConfigurationPlatforms) = postSolution
		{AE83D1FD-7790-42B2-9D13-42B2E8F7EF78}.Debug|Any CPU.ActiveCfg = Debug|Any CPU
		{AE83D1FD-7790-42B2-9D13-42B2E8F7EF78}.Debug|Any CPU.Build.0 = Debug|Any CPU
		{AE83D1FD-7790-42B2-9D13-42B2E8F7EF78}.Release|Any CPU.ActiveCfg = Release|Any CPU
		{AE83D1FD-7790-42B2-9D13-42B2E8F7EF78}.Release|Any CPU.Build.0 = Release|Any CPU
		{BD988ECD-733C-4FB8-AD02-830DE4D111F2}.Debug|Any CPU.ActiveCfg = Debug|Any CPU
		{BD988ECD-733C-4FB8-AD02-830DE4D111F2}.Debug|Any CPU.Build.0 = Debug|Any CPU
		{BD988ECD-733C-4FB8-AD02-830DE4D111F2}.Release|Any CPU.ActiveCfg = Release|Any CPU
		{BD988ECD-733C-4FB8-AD02-830DE4D111F2}.Release|Any CPU.Build.0 = Release|Any CPU
		{858440B1-667F-43D3-BE0E-7D3FEB0E1000}.Debug|Any CPU.ActiveCfg = Debug|Any CPU
		{858440B1-667F-43D3-BE0E-7D3FEB0E1000}.Debug|Any CPU.Build.0 = Debug|Any CPU
		{858440B1-667F-43D3-BE0E-7D3FEB0E1000}.Release|Any CPU.ActiveCfg = Release|Any CPU
		{858440B1-667F-43D3-BE0E-7D3FEB0E1000}.Release|Any CPU.Build.0 = Release|Any CPU
		{63786CE5-D899-43DF-AD4E-C2CA3BAC3FC2}.Debug|Any CPU.ActiveCfg = Debug|Any CPU
		{63786CE5-D899-43DF-AD4E-C2CA3BAC3FC2}.Debug|Any CPU.Build.0 = Debug|Any CPU
		{63786CE5-D899-43DF-AD4E-C2CA3BAC3FC2}.Release|Any CPU.ActiveCfg = Release|Any CPU
		{63786CE5-D899-43DF-AD4E-C2CA3BAC3FC2}.Release|Any CPU.Build.0 = Release|Any CPU
		{AE4B1899-3BE8-4444-B37C-D236165CB816}.Debug|Any CPU.ActiveCfg = Debug|Any CPU
		{AE4B1899-3BE8-4444-B37C-D236165CB816}.Debug|Any CPU.Build.0 = Debug|Any CPU
		{AE4B1899-3BE8-4444-B37C-D236165CB816}.Release|Any CPU.ActiveCfg = Release|Any CPU
		{AE4B1899-3BE8-4444-B37C-D236165CB816}.Release|Any CPU.Build.0 = Release|Any CPU
		{0D78E3C8-4180-40BE-B3DD-F626FF900FCE}.Debug|Any CPU.ActiveCfg = Debug|Any CPU
		{0D78E3C8-4180-40BE-B3DD-F626FF900FCE}.Debug|Any CPU.Build.0 = Debug|Any CPU
		{0D78E3C8-4180-40BE-B3DD-F626FF900FCE}.Release|Any CPU.ActiveCfg = Release|Any CPU
		{0D78E3C8-4180-40BE-B3DD-F626FF900FCE}.Release|Any CPU.Build.0 = Release|Any CPU
		{FAA4DB48-328C-4DE0-8A03-CD923071C212}.Debug|Any CPU.ActiveCfg = Debug|Any CPU
		{FAA4DB48-328C-4DE0-8A03-CD923071C212}.Debug|Any CPU.Build.0 = Debug|Any CPU
		{FAA4DB48-328C-4DE0-8A03-CD923071C212}.Release|Any CPU.ActiveCfg = Release|Any CPU
		{FAA4DB48-328C-4DE0-8A03-CD923071C212}.Release|Any CPU.Build.0 = Release|Any CPU
		{969C9F58-22BB-4C71-9F51-E79A749E9652}.Debug|Any CPU.ActiveCfg = Debug|Any CPU
		{969C9F58-22BB-4C71-9F51-E79A749E9652}.Debug|Any CPU.Build.0 = Debug|Any CPU
		{969C9F58-22BB-4C71-9F51-E79A749E9652}.Release|Any CPU.ActiveCfg = Release|Any CPU
		{969C9F58-22BB-4C71-9F51-E79A749E9652}.Release|Any CPU.Build.0 = Release|Any CPU
		{B12D58AE-7647-484A-81D9-B709FD94747A}.Debug|Any CPU.ActiveCfg = Debug|Any CPU
		{B12D58AE-7647-484A-81D9-B709FD94747A}.Debug|Any CPU.Build.0 = Debug|Any CPU
		{B12D58AE-7647-484A-81D9-B709FD94747A}.Release|Any CPU.ActiveCfg = Release|Any CPU
		{B12D58AE-7647-484A-81D9-B709FD94747A}.Release|Any CPU.Build.0 = Release|Any CPU
		{DC74982B-65AC-448B-88D3-CFD5585ED852}.Debug|Any CPU.ActiveCfg = Debug|Any CPU
		{DC74982B-65AC-448B-88D3-CFD5585ED852}.Debug|Any CPU.Build.0 = Debug|Any CPU
		{DC74982B-65AC-448B-88D3-CFD5585ED852}.Release|Any CPU.ActiveCfg = Release|Any CPU
		{DC74982B-65AC-448B-88D3-CFD5585ED852}.Release|Any CPU.Build.0 = Release|Any CPU
		{6A987A46-2A42-4D2E-BBF6-540FCC997635}.Debug|Any CPU.ActiveCfg = Debug|Any CPU
		{6A987A46-2A42-4D2E-BBF6-540FCC997635}.Debug|Any CPU.Build.0 = Debug|Any CPU
		{6A987A46-2A42-4D2E-BBF6-540FCC997635}.Release|Any CPU.ActiveCfg = Release|Any CPU
		{6A987A46-2A42-4D2E-BBF6-540FCC997635}.Release|Any CPU.Build.0 = Release|Any CPU
	EndGlobalSection
	GlobalSection(SolutionProperties) = preSolution
		HideSolutionNode = FALSE
	EndGlobalSection
	GlobalSection(NestedProjects) = preSolution
		{BD988ECD-733C-4FB8-AD02-830DE4D111F2} = {D84F1B00-D6ED-4D69-88AD-3F456BC5A3AC}
		{858440B1-667F-43D3-BE0E-7D3FEB0E1000} = {D84F1B00-D6ED-4D69-88AD-3F456BC5A3AC}
		{63786CE5-D899-43DF-AD4E-C2CA3BAC3FC2} = {D84F1B00-D6ED-4D69-88AD-3F456BC5A3AC}
		{AE83D1FD-7790-42B2-9D13-42B2E8F7EF78} = {D84F1B00-D6ED-4D69-88AD-3F456BC5A3AC}
		{6A987A46-2A42-4D2E-BBF6-540FCC997635} = {D84F1B00-D6ED-4D69-88AD-3F456BC5A3AC}
		{0D78E3C8-4180-40BE-B3DD-F626FF900FCE} = {39592F95-3169-4F5B-895A-8A6D16096550}
		{AE4B1899-3BE8-4444-B37C-D236165CB816} = {39592F95-3169-4F5B-895A-8A6D16096550}
		{969C9F58-22BB-4C71-9F51-E79A749E9652} = {DAD3E7F6-4FF9-460F-92FD-33724C0171D7}
		{FAA4DB48-328C-4DE0-8A03-CD923071C212} = {DAD3E7F6-4FF9-460F-92FD-33724C0171D7}
		{DC74982B-65AC-448B-88D3-CFD5585ED852} = {03E4FDDB-C802-447D-9255-27DF9C1388A2}
		{B12D58AE-7647-484A-81D9-B709FD94747A} = {03E4FDDB-C802-447D-9255-27DF9C1388A2}
	EndGlobalSection
EndGlobal
